
Microsoft Visual Studio Solution File, Format Version 12.00
# Visual Studio Version 17
VisualStudioVersion = 17.1.32210.238
MinimumVisualStudioVersion = 10.0.40219.1
Project("{9A19103F-16F7-4668-BE54-9A1E7A4F7556}") = "News", "News\News.csproj", "{EC05AA65-081D-491C-8658-FC41450EAF17}"
EndProject
Global
	GlobalSection(SolutionConfigurationPlatforms) = preSolution
		Debug|Any CPU = Debug|Any CPU
		Release|Any CPU = Release|Any CPU
	EndGlobalSection
	GlobalSection(ProjectConfigurationPlatforms) = postSolution
		{EC05AA65-081D-491C-8658-FC41450EAF17}.Debug|Any CPU.ActiveCfg = Debug|Any CPU
		{EC05AA65-081D-491C-8658-FC41450EAF17}.Debug|Any CPU.Build.0 = Debug|Any CPU
		{EC05AA65-081D-491C-8658-FC41450EAF17}.Release|Any CPU.ActiveCfg = Release|Any CPU
		{EC05AA65-081D-491C-8658-FC41450EAF17}.Release|Any CPU.Build.0 = Release|Any CPU
	EndGlobalSection
	GlobalSection(SolutionProperties) = preSolution
		HideSolutionNode = FALSE
	EndGlobalSection
	GlobalSection(ExtensibilityGlobals) = postSolution
		SolutionGuid = {E20D9E7D-72E0-4478-BACA-0D81E4C1E7E1}
	EndGlobalSection
EndGlobal
